// !$*UTF8*$!
{
	archiveVersion = 1;
	classes = {
	};
	objectVersion = 56;
	objects = {

/* Begin PBXBuildFile section */
		234771F34FA7413690828984 /* MemMindApp.swift in Sources */ = {isa = PBXBuildFile; fileRef = 41AE652845804D69AA2A4F18 /* MemMindApp.swift */; };
		1BE535BAEE814D8DB5348EA8 /* ContentView.swift in Sources */ = {isa = PBXBuildFile; fileRef = E9CEEC4305F642A5BCD0EAA2 /* ContentView.swift */; };
		364A034F8C8047908C58D357 /* MemoryMonitor.swift in Sources */ = {isa = PBXBuildFile; fileRef = A50A68B086CB43AE8C026D8E /* MemoryMonitor.swift */; };
		623BFD02363B417586C35153 /* ChartView.swift in Sources */ = {isa = PBXBuildFile; fileRef = C50FF76E2D584A75A8F3B758 /* ChartView.swift */; };
		AA11223344556677AABBCCDD /* WindowConfigurator.swift in Sources */ = {isa = PBXBuildFile; fileRef = AA11223344556677AABBCC00 /* WindowConfigurator.swift */; };
		7081546B40B1416A8E1D2A18 /* DemoData.swift in Sources */ = {isa = PBXBuildFile; fileRef = B20C0B722F3E4E5DBD8DDEF9 /* DemoData.swift */; };
		BB11223344556677AABBCC01 /* Assets.xcassets in Resources */ = {isa = PBXBuildFile; fileRef = BB11223344556677AABBCC02 /* Assets.xcassets */; };
		BB11223344556677AABBCC03 /* Localizable.strings in Resources */ = {isa = PBXBuildFile; fileRef = BB11223344556677AABBCC04 /* Localizable.strings */; };
/* End PBXBuildFile section */

/* Begin PBXFileReference section */
		41AE652845804D69AA2A4F18 /* MemMindApp.swift */ = {isa = PBXFileReference; lastKnownFileType = sourcecode.swift; path = MemMindApp.swift; sourceTree = "<group>"; };
		E9CEEC4305F642A5BCD0EAA2 /* ContentView.swift */ = {isa = PBXFileReference; lastKnownFileType = sourcecode.swift; path = ContentView.swift; sourceTree = "<group>"; };
		A50A68B086CB43AE8C026D8E /* MemoryMonitor.swift */ = {isa = PBXFileReference; lastKnownFileType = sourcecode.swift; path = MemoryMonitor.swift; sourceTree = "<group>"; };
		C50FF76E2D584A75A8F3B758 /* ChartView.swift */ = {isa = PBXFileReference; lastKnownFileType = sourcecode.swift; path = ChartView.swift; sourceTree = "<group>"; };
		AA11223344556677AABBCC00 /* WindowConfigurator.swift */ = {isa = PBXFileReference; lastKnownFileType = sourcecode.swift; path = WindowConfigurator.swift; sourceTree = "<group>"; };
		B20C0B722F3E4E5DBD8DDEF9 /* DemoData.swift */ = {isa = PBXFileReference; lastKnownFileType = sourcecode.swift; path = DemoData.swift; sourceTree = "<group>"; };
		F178CF67767D4A8ABB23A9EA /* Info.plist */ = {isa = PBXFileReference; lastKnownFileType = text.plist.xml; path = Info.plist; sourceTree = "<group>"; };
		11EACAD3C57B4117AE792289 /* MemMind.app */ = {isa = PBXFileReference; explicitFileType = wrapper.application; includeInIndex = 0; path = MemMind.app; sourceTree = BUILT_PRODUCTS_DIR; };
		BB11223344556677AABBCC02 /* Assets.xcassets */ = {isa = PBXFileReference; lastKnownFileType = folder.assetcatalog; path = Assets.xcassets; sourceTree = "<group>"; };
		BB11223344556677AABBCC05 /* en */ = {isa = PBXFileReference; lastKnownFileType = text.plist.strings; name = en; path = en.lproj/Localizable.strings; sourceTree = "<group>"; };
		BB11223344556677AABBCC06 /* ja */ = {isa = PBXFileReference; lastKnownFileType = text.plist.strings; name = ja; path = ja.lproj/Localizable.strings; sourceTree = "<group>"; };
/* End PBXFileReference section */

/* Begin PBXVariantGroup section */
		BB11223344556677AABBCC04 /* Localizable.strings */ = {
			isa = PBXVariantGroup;
			children = (
				BB11223344556677AABBCC05 /* en */,
				BB11223344556677AABBCC06 /* ja */,
			);
			name = Localizable.strings;
			sourceTree = "<group>";
		};
/* End PBXVariantGroup section */

/* Begin PBXFrameworksBuildPhase section */
		C7BB0A2088A84B43933F1820 /* Frameworks */ = {
			isa = PBXFrameworksBuildPhase;
			buildActionMask = 2147483647;
			files = (
			);
			runOnlyForDeploymentPostprocessing = 0;
		};
/* End PBXFrameworksBuildPhase section */

/* Begin PBXGroup section */
		EB355036CFD1474BA821D578 /* root */ = {
			isa = PBXGroup;
			children = (
				72BBCA47AF984919A6AAF7D2 /* MemMind */,
				9F10E67D5B454324B8428A83 /* Products */,
			);
			sourceTree = "<group>";
		};
		9F10E67D5B454324B8428A83 /* Products */ = {
			isa = PBXGroup;
			children = (
				11EACAD3C57B4117AE792289 /* MemMind.app */,
			);
			name = Products;
			sourceTree = "<group>";
		};
		72BBCA47AF984919A6AAF7D2 /* MemMind */ = {
			isa = PBXGroup;
			children = (
				41AE652845804D69AA2A4F18 /* MemMindApp.swift */,
				E9CEEC4305F642A5BCD0EAA2 /* ContentView.swift */,
				A50A68B086CB43AE8C026D8E /* MemoryMonitor.swift */,
				C50FF76E2D584A75A8F3B758 /* ChartView.swift */,
				AA11223344556677AABBCC00 /* WindowConfigurator.swift */,
				B20C0B722F3E4E5DBD8DDEF9 /* DemoData.swift */,
				BB11223344556677AABBCC02 /* Assets.xcassets */,
				BB11223344556677AABBCC04 /* Localizable.strings */,
				F178CF67767D4A8ABB23A9EA /* Info.plist */,
			);
			path = MemMind;
			sourceTree = "<group>";
		};
/* End PBXGroup section */

/* Begin PBXNativeTarget section */
		999F97C72EB84E73B71A5F74 /* MemMind */ = {
			isa = PBXNativeTarget;
			buildConfigurationList = A30F6BFA46F946E7BE032B57 /* Build configuration list for PBXNativeTarget "MemMind" */;
			buildPhases = (
				28D4271621FD4393AEFAD693 /* Sources */,
				C7BB0A2088A84B43933F1820 /* Frameworks */,
				A1AF047E709B48EBBB33A6C0 /* Resources */,
			);
			buildRules = (
			);
			dependencies = (
			);
			name = MemMind;
			productName = MemMind;
			productReference = 11EACAD3C57B4117AE792289 /* MemMind.app */;
			productType = "com.apple.product-type.application";
		};
/* End PBXNativeTarget section */

/* Begin PBXProject section */
		BF64291A991A449785510BCE /* Project object */ = {
			isa = PBXProject;
			attributes = {
				BuildIndependentTargetsInParallel = 1;
				LastSwiftUpdateCheck = 1500;
				LastUpgradeCheck = 1500;
				TargetAttributes = {
					999F97C72EB84E73B71A5F74 = {
						CreatedOnToolsVersion = 15.0;
					};
				};
			};
			buildConfigurationList = 90D37A2A462F4428B9231D2B /* Build configuration list for PBXProject "MemMind" */;
			compatibilityVersion = "Xcode 14.0";
			developmentRegion = en;
			hasScannedForEncodings = 0;
			knownRegions = (
				en,
				ja,
				Base,
			);
			mainGroup = EB355036CFD1474BA821D578 /* root */;
			productRefGroup = 9F10E67D5B454324B8428A83 /* Products */;
			projectDirPath = "";
			projectRoot = "";
			targets = (
				999F97C72EB84E73B71A5F74 /* MemMind */,
			);
		};
/* End PBXProject section */

/* Begin PBXResourcesBuildPhase section */
		A1AF047E709B48EBBB33A6C0 /* Resources */ = {
			isa = PBXResourcesBuildPhase;
			buildActionMask = 2147483647;
			files = (
				BB11223344556677AABBCC01 /* Assets.xcassets in Resources */,
				BB11223344556677AABBCC03 /* Localizable.strings in Resources */,
			);
			runOnlyForDeploymentPostprocessing = 0;
		};
/* End PBXResourcesBuildPhase section */

/* Begin PBXSourcesBuildPhase section */
		28D4271621FD4393AEFAD693 /* Sources */ = {
			isa = PBXSourcesBuildPhase;
			buildActionMask = 2147483647;
			files = (
				234771F34FA7413690828984 /* MemMindApp.swift in Sources */,
				1BE535BAEE814D8DB5348EA8 /* ContentView.swift in Sources */,
				364A034F8C8047908C58D357 /* MemoryMonitor.swift in Sources */,
				623BFD02363B417586C35153 /* ChartView.swift in Sources */,
				AA11223344556677AABBCCDD /* WindowConfigurator.swift in Sources */,
				7081546B40B1416A8E1D2A18 /* DemoData.swift in Sources */,
			);
			runOnlyForDeploymentPostprocessing = 0;
		};
/* End PBXSourcesBuildPhase section */

/* Begin XCBuildConfiguration section */
		98B45F6A0F1A4A16B74A31CA /* Debug */ = {
			isa = XCBuildConfiguration;
			buildSettings = {
				ALWAYS_SEARCH_USER_PATHS = NO;
				ASSETCATALOG_COMPILER_GENERATE_SWIFT_ASSET_SYMBOL_EXTENSIONS = YES;
				CLANG_ANALYZER_NONNULL = YES;
				CLANG_ANALYZER_NUMBER_OBJECT_CONVERSION = YES_AGGRESSIVE;
				CLANG_CXX_LANGUAGE_STANDARD = "gnu++20";
				CLANG_ENABLE_MODULES = YES;
				CLANG_ENABLE_OBJC_ARC = YES;
				CLANG_ENABLE_OBJC_WEAK = YES;
				CLANG_WARN_BLOCK_CAPTURE_AUTORELEASING = YES;
				CLANG_WARN_BOOL_CONVERSION = YES;
				CLANG_WARN_COMMA = YES;
				CLANG_WARN_CONSTANT_CONVERSION = YES;
				CLANG_WARN_DEPRECATED_OBJC_IMPLEMENTATIONS = YES;
				CLANG_WARN_DIRECT_OBJC_ISA_USAGE = YES_ERROR;
				CLANG_WARN_DOCUMENTATION_COMMENTS = YES;
				CLANG_WARN_EMPTY_BODY = YES;
				CLANG_WARN_ENUM_CONVERSION = YES;
				CLANG_WARN_INFINITE_RECURSION = YES;
				CLANG_WARN_INT_CONVERSION = YES;
				CLANG_WARN_NON_LITERAL_NULL_CONVERSION = YES;
				CLANG_WARN_OBJC_IMPLICIT_RETAIN_SELF = YES;
				CLANG_WARN_OBJC_LITERAL_CONVERSION = YES;
				CLANG_WARN_OBJC_ROOT_CLASS = YES_ERROR;
				CLANG_WARN_QUOTED_INCLUDE_IN_FRAMEWORK_HEADER = YES;
				CLANG_WARN_RANGE_LOOP_ANALYSIS = YES;
				CLANG_WARN_STRICT_PROTOTYPES = YES;
				CLANG_WARN_SUSPICIOUS_MOVE = YES;
				CLANG_WARN_UNGUARDED_AVAILABILITY = YES_AGGRESSIVE;
				CLANG_WARN_UNREACHABLE_CODE = YES;
				CLANG_WARN__DUPLICATE_METHOD_MATCH = YES;
				COPY_PHASE_STRIP = NO;
				DEBUG_INFORMATION_FORMAT = dwarf;
				ENABLE_STRICT_OBJC_MSGSEND = YES;
				ENABLE_TESTABILITY = YES;
				ENABLE_USER_SCRIPT_SANDBOXING = YES;
				GCC_C_LANGUAGE_STANDARD = gnu17;
				GCC_DYNAMIC_NO_PIC = NO;
				GCC_NO_COMMON_BLOCKS = YES;
				GCC_OPTIMIZATION_LEVEL = 0;
				GCC_PREPROCESSOR_DEFINITIONS = (
					"DEBUG=1",
					"$(inherited)",
				);
				GCC_WARN_64_TO_32_BIT_CONVERSION = YES;
				GCC_WARN_ABOUT_RETURN_TYPE = YES_ERROR;
				GCC_WARN_UNDECLARED_SELECTOR = YES;
				GCC_WARN_UNINITIALIZED_AUTOS = YES_AGGRESSIVE;
				GCC_WARN_UNUSED_FUNCTION = YES;
				GCC_WARN_UNUSED_VARIABLE = YES;
				LOCALIZATION_PREFERS_STRING_CATALOGS = YES;
				MTL_ENABLE_DEBUG_INFO = INCLUDE_SOURCE;
				MTL_FAST_MATH = YES;
				ONLY_ACTIVE_ARCH = YES;
				SDKROOT = macosx;
				SWIFT_ACTIVE_COMPILATION_CONDITIONS = "DEBUG $(inherited)";
				SWIFT_OPTIMIZATION_LEVEL = "-Onone";
			};
			name = Debug;
		};
		4CEFFC0AF6AE4128ABEB2D4B /* Release */ = {
			isa = XCBuildConfiguration;
			buildSettings = {
				ALWAYS_SEARCH_USER_PATHS = NO;
				ASSETCATALOG_COMPILER_GENERATE_SWIFT_ASSET_SYMBOL_EXTENSIONS = YES;
				CLANG_ANALYZER_NONNULL = YES;
				CLANG_ANALYZER_NUMBER_OBJECT_CONVERSION = YES_AGGRESSIVE;
				CLANG_CXX_LANGUAGE_STANDARD = "gnu++20";
				CLANG_ENABLE_MODULES = YES;
				CLANG_ENABLE_OBJC_ARC = YES;
				CLANG_ENABLE_OBJC_WEAK = YES;
				CLANG_WARN_BLOCK_CAPTURE_AUTORELEASING = YES;
				CLANG_WARN_BOOL_CONVERSION = YES;
				CLANG_WARN_COMMA = YES;
				CLANG_WARN_CONSTANT_CONVERSION = YES;
				CLANG_WARN_DEPRECATED_OBJC_IMPLEMENTATIONS = YES;
				CLANG_WARN_DIRECT_OBJC_ISA_USAGE = YES_ERROR;
				CLANG_WARN_DOCUMENTATION_COMMENTS = YES;
				CLANG_WARN_EMPTY_BODY = YES;
				CLANG_WARN_ENUM_CONVERSION = YES;
				CLANG_WARN_INFINITE_RECURSION = YES;
				CLANG_WARN_INT_CONVERSION = YES;
				CLANG_WARN_NON_LITERAL_NULL_CONVERSION = YES;
				CLANG_WARN_OBJC_IMPLICIT_RETAIN_SELF = YES;
				CLANG_WARN_OBJC_LITERAL_CONVERSION = YES;
				CLANG_WARN_OBJC_ROOT_CLASS = YES_ERROR;
				CLANG_WARN_QUOTED_INCLUDE_IN_FRAMEWORK_HEADER = YES;
				CLANG_WARN_RANGE_LOOP_ANALYSIS = YES;
				CLANG_WARN_STRICT_PROTOTYPES = YES;
				CLANG_WARN_SUSPICIOUS_MOVE = YES;
				CLANG_WARN_UNGUARDED_AVAILABILITY = YES_AGGRESSIVE;
				CLANG_WARN_UNREACHABLE_CODE = YES;
				CLANG_WARN__DUPLICATE_METHOD_MATCH = YES;
				COPY_PHASE_STRIP = NO;
				DEBUG_INFORMATION_FORMAT = "dwarf-with-dsym";
				ENABLE_NS_ASSERTIONS = NO;
				ENABLE_STRICT_OBJC_MSGSEND = YES;
				ENABLE_USER_SCRIPT_SANDBOXING = YES;
				GCC_C_LANGUAGE_STANDARD = gnu17;
				GCC_NO_COMMON_BLOCKS = YES;
				GCC_WARN_64_TO_32_BIT_CONVERSION = YES;
				GCC_WARN_ABOUT_RETURN_TYPE = YES_ERROR;
				GCC_WARN_UNDECLARED_SELECTOR = YES;
				GCC_WARN_UNINITIALIZED_AUTOS = YES_AGGRESSIVE;
				GCC_WARN_UNUSED_FUNCTION = YES;
				GCC_WARN_UNUSED_VARIABLE = YES;
				LOCALIZATION_PREFERS_STRING_CATALOGS = YES;
				MTL_FAST_MATH = YES;
				SDKROOT = macosx;
				SWIFT_COMPILATION_MODE = wholemodule;
			};
			name = Release;
		};
		BEA1234500AA4B8C9F123401 /* Debug */ = {
			isa = XCBuildConfiguration;
			buildSettings = {
				ASSETCATALOG_COMPILER_APPICON_NAME = AppIcon;
				ASSETCATALOG_COMPILER_GLOBAL_ACCENT_COLOR_NAME = AccentColor;
				CODE_SIGN_IDENTITY = "-";
				CODE_SIGN_STYLE = Manual;
				COMBINE_HIDPI_IMAGES = YES;
				CURRENT_PROJECT_VERSION = 1;
				DEAD_CODE_STRIPPING = YES;
				DEVELOPMENT_TEAM = "";
				INFOPLIST_FILE = MemMind/Info.plist;
				LD_RUNPATH_SEARCH_PATHS = (
					"$(inherited)",
					"@executable_path/../Frameworks",
				);
				MACOSX_DEPLOYMENT_TARGET = 14.0;
				MARKETING_VERSION = 1.0.0;
				PRODUCT_BUNDLE_IDENTIFIER = com.nacookan.memmind;
				PRODUCT_NAME = "$(TARGET_NAME)";
				PROVISIONING_PROFILE_SPECIFIER = "";
				SWIFT_EMIT_LOC_STRINGS = YES;
				SWIFT_VERSION = 5.0;
			};
			name = Debug;
		};
		BEA1234500AA4B8C9F123402 /* Release */ = {
			isa = XCBuildConfiguration;
			buildSettings = {
				ASSETCATALOG_COMPILER_APPICON_NAME = AppIcon;
				ASSETCATALOG_COMPILER_GLOBAL_ACCENT_COLOR_NAME = AccentColor;
				CODE_SIGN_IDENTITY = "-";
				CODE_SIGN_STYLE = Manual;
				COMBINE_HIDPI_IMAGES = YES;
				CURRENT_PROJECT_VERSION = 1;
				DEAD_CODE_STRIPPING = YES;
				DEVELOPMENT_TEAM = "";
				INFOPLIST_FILE = MemMind/Info.plist;
				LD_RUNPATH_SEARCH_PATHS = (
					"$(inherited)",
					"@executable_path/../Frameworks",
				);
				MACOSX_DEPLOYMENT_TARGET = 14.0;
				MARKETING_VERSION = 1.0.0;
				PRODUCT_BUNDLE_IDENTIFIER = com.nacookan.memmind;
				PRODUCT_NAME = "$(TARGET_NAME)";
				PROVISIONING_PROFILE_SPECIFIER = "";
				SWIFT_EMIT_LOC_STRINGS = YES;
				SWIFT_VERSION = 5.0;
			};
			name = Release;
		};
/* End XCBuildConfiguration section */

/* Begin XCConfigurationList section */
		90D37A2A462F4428B9231D2B /* Build configuration list for PBXProject "MemMind" */ = {
			isa = XCConfigurationList;
			buildConfigurations = (
				98B45F6A0F1A4A16B74A31CA /* Debug */,
				4CEFFC0AF6AE4128ABEB2D4B /* Release */,
			);
			defaultConfigurationIsVisible = 0;
			defaultConfigurationName = Release;
		};
		A30F6BFA46F946E7BE032B57 /* Build configuration list for PBXNativeTarget "MemMind" */ = {
			isa = XCConfigurationList;
			buildConfigurations = (
				BEA1234500AA4B8C9F123401 /* Debug */,
				BEA1234500AA4B8C9F123402 /* Release */,
			);
			defaultConfigurationIsVisible = 0;
			defaultConfigurationName = Release;
		};
/* End XCConfigurationList section */

	};
	rootObject = BF64291A991A449785510BCE /* Project object */;
}
